
Microsoft Visual Studio Solution File, Format Version 12.00
# Visual Studio Version 17
VisualStudioVersion = 17.8.34330.188
MinimumVisualStudioVersion = 10.0.40219.1
Project("{FAE04EC0-301F-11D3-BF4B-00C04F79EFBC}") = "Retangulo", "Retangulo\Retangulo.csproj", "{D52C6FB4-FF06-47A7-8369-7AFED5526D2E}"
EndProject
Global
	GlobalSection(SolutionConfigurationPlatforms) = preSolution
		Debug|Any CPU = Debug|Any CPU
		Release|Any CPU = Release|Any CPU
	EndGlobalSection
	GlobalSection(ProjectConfigurationPlatforms) = postSolution
		{D52C6FB4-FF06-47A7-8369-7AFED5526D2E}.Debug|Any CPU.ActiveCfg = Debug|Any CPU
		{D52C6FB4-FF06-47A7-8369-7AFED5526D2E}.Debug|Any CPU.Build.0 = Debug|Any CPU
		{D52C6FB4-FF06-47A7-8369-7AFED5526D2E}.Release|Any CPU.ActiveCfg = Release|Any CPU
		{D52C6FB4-FF06-47A7-8369-7AFED5526D2E}.Release|Any CPU.Build.0 = Release|Any CPU
	EndGlobalSection
	GlobalSection(SolutionProperties) = preSolution
		HideSolutionNode = FALSE
	EndGlobalSection
	GlobalSection(ExtensibilityGlobals) = postSolution
		SolutionGuid = {CAA82828-FDCE-474B-86AF-C783B38EA607}
	EndGlobalSection
EndGlobal
