
Microsoft Visual Studio Solution File, Format Version 12.00
# Visual Studio Version 17
VisualStudioVersion = 17.8.34330.188
MinimumVisualStudioVersion = 10.0.40219.1
Project("{FAE04EC0-301F-11D3-BF4B-00C04F79EFBC}") = "SomaImpares", "SomaImpares\SomaImpares.csproj", "{0F1CDE09-E96A-4372-8413-F216E69B57FD}"
EndProject
Global
	GlobalSection(SolutionConfigurationPlatforms) = preSolution
		Debug|Any CPU = Debug|Any CPU
		Release|Any CPU = Release|Any CPU
	EndGlobalSection
	GlobalSection(ProjectConfigurationPlatforms) = postSolution
		{0F1CDE09-E96A-4372-8413-F216E69B57FD}.Debug|Any CPU.ActiveCfg = Debug|Any CPU
		{0F1CDE09-E96A-4372-8413-F216E69B57FD}.Debug|Any CPU.Build.0 = Debug|Any CPU
		{0F1CDE09-E96A-4372-8413-F216E69B57FD}.Release|Any CPU.ActiveCfg = Release|Any CPU
		{0F1CDE09-E96A-4372-8413-F216E69B57FD}.Release|Any CPU.Build.0 = Release|Any CPU
	EndGlobalSection
	GlobalSection(SolutionProperties) = preSolution
		HideSolutionNode = FALSE
	EndGlobalSection
	GlobalSection(ExtensibilityGlobals) = postSolution
		SolutionGuid = {4EF4823A-8DC0-4C05-BC56-8F8ADED79F4D}
	EndGlobalSection
EndGlobal
